<?xml version="1.0" encoding="utf-8"?>
<Project ToolsVersion="4.0" xmlns="http://schemas.microsoft.com/developer/msbuild/2003">
  <ItemGroup>
    <Filter Include="Source Files">
      <UniqueIdentifier>{4FC737F1-C7A5-4376-A066-2A32D752A2FF}</UniqueIdentifier>
      <Extensions>cpp;c;cc;cxx;def;odl;idl;hpj;bat;asm;asmx</Extensions>
    </Filter>
    <Filter Include="Header Files">
      <UniqueIdentifier>{93995380-89BD-4b04-88EB-625FBE52EBFB}</UniqueIdentifier>
      <Extensions>h;hh;hpp;hxx;hm;inl;inc;ipp;xsd</Extensions>
    </Filter>
    <Filter Include="Resource Files">
      <UniqueIdentifier>{67DA6AB6-F800-4c08-8B7A-83BB121AAD01}</UniqueIdentifier>
      <Extensions>rc;ico;cur;bmp;dlg;rc2;rct;bin;rgs;gif;jpg;jpeg;jpe;resx;tiff;tif;png;wav;mfcribbon-ms</Extensions>
    </Filter>
  </ItemGroup>
  <ItemGroup>
    <ClCompile Include="AbsBall.cpp">
      <Filter>Source Files</Filter>
    </ClCompile>
    <ClCompile Include="AbstractItem.cpp">
      <Filter>Source Files</Filter>
    </ClCompile>
    <ClCompile Include="AbstractWeapon.cpp">
      <Filter>Source Files</Filter>
    </ClCompile>
    <ClCompile Include="Background.cpp">
      <Filter>Source Files</Filter>
    </ClCompile>
    <ClCompile Include="Ball.cpp">
      <Filter>Source Files</Filter>
    </ClCompile>
    <ClCompile Include="Board.cpp">
      <Filter>Source Files</Filter>
    </ClCompile>
    <ClCompile Include="BossBall.cpp">
      <Filter>Source Files</Filter>
    </ClCompile>
    <ClCompile Include="Button.cpp">
      <Filter>Source Files</Filter>
    </ClCompile>
    <ClCompile Include="CashItem.cpp">
      <Filter>Source Files</Filter>
    </ClCompile>
    <ClCompile Include="Command.cpp">
      <Filter>Source Files</Filter>
    </ClCompile>
    <ClCompile Include="Controller.cpp">
      <Filter>Source Files</Filter>
    </ClCompile>
    <ClCompile Include="DirectHitBall.cpp">
      <Filter>Source Files</Filter>
    </ClCompile>
    <ClCompile Include="Door.cpp">
      <Filter>Source Files</Filter>
    </ClCompile>
    <ClCompile Include="Drawable.cpp">
      <Filter>Source Files</Filter>
    </ClCompile>
    <ClCompile Include="DrawableFactory.cpp">
      <Filter>Source Files</Filter>
    </ClCompile>
    <ClCompile Include="Flame.cpp">
      <Filter>Source Files</Filter>
    </ClCompile>
    <ClCompile Include="FrozenArrowItem.cpp">
      <Filter>Source Files</Filter>
    </ClCompile>
    <ClCompile Include="FrozenWeapon.cpp">
      <Filter>Source Files</Filter>
    </ClCompile>
    <ClCompile Include="GameToolBar.cpp">
      <Filter>Source Files</Filter>
    </ClCompile>
    <ClCompile Include="HeldBall.cpp">
      <Filter>Source Files</Filter>
    </ClCompile>
    <ClCompile Include="LaserItem.cpp">
      <Filter>Source Files</Filter>
    </ClCompile>
    <ClCompile Include="LaserWeapon.cpp">
      <Filter>Source Files</Filter>
    </ClCompile>
    <ClCompile Include="LevelLoader.cpp">
      <Filter>Source Files</Filter>
    </ClCompile>
    <ClCompile Include="LivesBar.cpp">
      <Filter>Source Files</Filter>
    </ClCompile>
    <ClCompile Include="LoadScreen.cpp">
      <Filter>Source Files</Filter>
    </ClCompile>
    <ClCompile Include="Main.cpp">
      <Filter>Source Files</Filter>
    </ClCompile>
    <ClCompile Include="Menu.cpp">
      <Filter>Source Files</Filter>
    </ClCompile>
    <ClCompile Include="Moveable.cpp">
      <Filter>Source Files</Filter>
    </ClCompile>
    <ClCompile Include="OneUpItem.cpp">
      <Filter>Source Files</Filter>
    </ClCompile>
    <ClCompile Include="Player.cpp">
      <Filter>Source Files</Filter>
    </ClCompile>
    <ClCompile Include="PlayerOne.cpp">
      <Filter>Source Files</Filter>
    </ClCompile>
    <ClCompile Include="PlayerTwo.cpp">
      <Filter>Source Files</Filter>
    </ClCompile>
    <ClCompile Include="ProjectileBall.cpp">
      <Filter>Source Files</Filter>
    </ClCompile>
    <ClCompile Include="RegisterFunctionTemplates.cpp">
      <Filter>Source Files</Filter>
    </ClCompile>
    <ClCompile Include="ResourceManager.cpp">
      <Filter>Source Files</Filter>
    </ClCompile>
    <ClCompile Include="Sheild.cpp">
      <Filter>Source Files</Filter>
    </ClCompile>
    <ClCompile Include="SheildItem.cpp">
      <Filter>Source Files</Filter>
    </ClCompile>
    <ClCompile Include="SimpleArrow.cpp">
      <Filter>Source Files</Filter>
    </ClCompile>
    <ClCompile Include="SimpleArrowItem.cpp">
      <Filter>Source Files</Filter>
    </ClCompile>
    <ClCompile Include="Sound.cpp">
      <Filter>Source Files</Filter>
    </ClCompile>
    <ClCompile Include="Spikes.cpp">
      <Filter>Source Files</Filter>
    </ClCompile>
    <ClCompile Include="TimeItem.cpp">
      <Filter>Source Files</Filter>
    </ClCompile>
    <ClCompile Include="Unmoveable.cpp">
      <Filter>Source Files</Filter>
    </ClCompile>
    <ClCompile Include="UpDownBall.cpp">
      <Filter>Source Files</Filter>
    </ClCompile>
    <ClCompile Include="Wall.cpp">
      <Filter>Source Files</Filter>
    </ClCompile>
    <ClCompile Include="WindowCONST.cpp">
      <Filter>Source Files</Filter>
    </ClCompile>
    <ClCompile Include="youSure.cpp">
      <Filter>Source Files</Filter>
    </ClCompile>
    <ClCompile Include="ZeroGravityBall.cpp">
      <Filter>Source Files</Filter>
    </ClCompile>
  </ItemGroup>
  <ItemGroup>
    <ClInclude Include="AbsBall.h">
      <Filter>Header Files</Filter>
    </ClInclude>
    <ClInclude Include="AbstractItem.h">
      <Filter>Header Files</Filter>
    </ClInclude>
    <ClInclude Include="AbstractWeapon.h">
      <Filter>Header Files</Filter>
    </ClInclude>
    <ClInclude Include="Background.h">
      <Filter>Header Files</Filter>
    </ClInclude>
    <ClInclude Include="Ball.h">
      <Filter>Header Files</Filter>
    </ClInclude>
    <ClInclude Include="Board.h">
      <Filter>Header Files</Filter>
    </ClInclude>
    <ClInclude Include="BossBall.h">
      <Filter>Header Files</Filter>
    </ClInclude>
    <ClInclude Include="Button.h">
      <Filter>Header Files</Filter>
    </ClInclude>
    <ClInclude Include="CashItem.h">
      <Filter>Header Files</Filter>
    </ClInclude>
    <ClInclude Include="Command.h">
      <Filter>Header Files</Filter>
    </ClInclude>
    <ClInclude Include="Controller.h">
      <Filter>Header Files</Filter>
    </ClInclude>
    <ClInclude Include="DirectHitBall.h">
      <Filter>Header Files</Filter>
    </ClInclude>
    <ClInclude Include="Door.h">
      <Filter>Header Files</Filter>
    </ClInclude>
    <ClInclude Include="Drawable.h">
      <Filter>Header Files</Filter>
    </ClInclude>
    <ClInclude Include="DrawableFactory.h">
      <Filter>Header Files</Filter>
    </ClInclude>
    <ClInclude Include="Flame.h">
      <Filter>Header Files</Filter>
    </ClInclude>
    <ClInclude Include="FrozenArrowItem.h">
      <Filter>Header Files</Filter>
    </ClInclude>
    <ClInclude Include="FrozenWeapon.h">
      <Filter>Header Files</Filter>
    </ClInclude>
    <ClInclude Include="GameToolBar.h">
      <Filter>Header Files</Filter>
    </ClInclude>
    <ClInclude Include="HeldBall.h">
      <Filter>Header Files</Filter>
    </ClInclude>
    <ClInclude Include="LaserItem.h">
      <Filter>Header Files</Filter>
    </ClInclude>
    <ClInclude Include="LaserWeapon.h">
      <Filter>Header Files</Filter>
    </ClInclude>
    <ClInclude Include="LevelLoader.h">
      <Filter>Header Files</Filter>
    </ClInclude>
    <ClInclude Include="LivesBar.h">
      <Filter>Header Files</Filter>
    </ClInclude>
    <ClInclude Include="LoadScreen.h">
      <Filter>Header Files</Filter>
    </ClInclude>
    <ClInclude Include="Menu.h">
      <Filter>Header Files</Filter>
    </ClInclude>
    <ClInclude Include="Moveable.h">
      <Filter>Header Files</Filter>
    </ClInclude>
    <ClInclude Include="OneUpItem.h">
      <Filter>Header Files</Filter>
    </ClInclude>
    <ClInclude Include="Player.h">
      <Filter>Header Files</Filter>
    </ClInclude>
    <ClInclude Include="PlayerOne.h">
      <Filter>Header Files</Filter>
    </ClInclude>
    <ClInclude Include="PlayerTwo.h">
      <Filter>Header Files</Filter>
    </ClInclude>
    <ClInclude Include="ProjectileBall.h">
      <Filter>Header Files</Filter>
    </ClInclude>
    <ClInclude Include="RegisterFunctionTemplates.h">
      <Filter>Header Files</Filter>
    </ClInclude>
    <ClInclude Include="resource.h">
      <Filter>Header Files</Filter>
    </ClInclude>
    <ClInclude Include="ResourceManager.h">
      <Filter>Header Files</Filter>
    </ClInclude>
    <ClInclude Include="Sheild.h">
      <Filter>Header Files</Filter>
    </ClInclude>
    <ClInclude Include="SheildItem.h">
      <Filter>Header Files</Filter>
    </ClInclude>
    <ClInclude Include="SimpleArrow.h">
      <Filter>Header Files</Filter>
    </ClInclude>
    <ClInclude Include="SimpleArrowItem.h">
      <Filter>Header Files</Filter>
    </ClInclude>
    <ClInclude Include="Sound.h">
      <Filter>Header Files</Filter>
    </ClInclude>
    <ClInclude Include="Spikes.h">
      <Filter>Header Files</Filter>
    </ClInclude>
    <ClInclude Include="TimeItem.h">
      <Filter>Header Files</Filter>
    </ClInclude>
    <ClInclude Include="Unmoveable.h">
      <Filter>Header Files</Filter>
    </ClInclude>
    <ClInclude Include="UpDownBall.h">
      <Filter>Header Files</Filter>
    </ClInclude>
    <ClInclude Include="Wall.h">
      <Filter>Header Files</Filter>
    </ClInclude>
    <ClInclude Include="WindowCONST.h">
      <Filter>Header Files</Filter>
    </ClInclude>
    <ClInclude Include="youSure.h">
      <Filter>Header Files</Filter>
    </ClInclude>
    <ClInclude Include="ZeroGravityBall.h">
      <Filter>Header Files</Filter>
    </ClInclude>
  </ItemGroup>
</Project>